{
  "nodes": {
    "audiobookshelf": {
      "flake": false,
      "locked": {
        "lastModified": 1689804837,
        "narHash": "sha256-wSIA2KKDKf3DNgYNNIyYNT8xyPWCZvwLcWuDhWOZpLs=",
        "owner": "advplyr",
        "repo": "audiobookshelf",
        "rev": "c2793fe29b96707908524406742c02c3e40634f7",
        "type": "github"
      },
      "original": {
        "owner": "advplyr",
        "ref": "v2.3.3",
        "repo": "audiobookshelf",
        "type": "github"
      }
    },
    "flake-parts": {
      "inputs": {
        "nixpkgs-lib": "nixpkgs-lib"
      },
      "locked": {
        "lastModified": 1690933134,
        "narHash": "sha256-ab989mN63fQZBFrkk4Q8bYxQCktuHmBIBqUG1jl6/FQ=",
        "owner": "hercules-ci",
        "repo": "flake-parts",
        "rev": "59cf3f1447cfc75087e7273b04b31e689a8599fb",
        "type": "github"
      },
      "original": {
        "owner": "hercules-ci",
        "repo": "flake-parts",
        "type": "github"
      }
    },
    "nixpkgs": {
      "locked": {
        "narHash": "sha256-YtMmZWR/dlTypOcwiZfZTMPr3tj9fwr05QTStfSyDSg=",
        "rev": "a16f7eb56e88c8985fcc6eb81dabd6cade4e425a",
        "revCount": 490339,
        "type": "tarball",
        "url": "https://api.flakehub.com/f/pinned/NixOS/nixpkgs/0.2305.490339%2Brev-a16f7eb56e88c8985fcc6eb81dabd6cade4e425a/018a20e2-752b-7126-a520-936def1756f3/source.tar.gz"
      },
      "original": {
        "type": "tarball",
        "url": "https://flakehub.com/f/NixOS/nixpkgs/%2A.tar.gz"
      }
    },
    "nixpkgs-lib": {
      "locked": {
        "dir": "lib",
        "lastModified": 1690881714,
        "narHash": "sha256-h/nXluEqdiQHs1oSgkOOWF+j8gcJMWhwnZ9PFabN6q0=",
        "owner": "NixOS",
        "repo": "nixpkgs",
        "rev": "9e1960bc196baf6881340d53dccb203a951745a2",
        "type": "github"
      },
      "original": {
        "dir": "lib",
        "owner": "NixOS",
        "ref": "nixos-unstable",
        "repo": "nixpkgs",
        "type": "github"
      }
    },
    "root": {
      "inputs": {
        "audiobookshelf": "audiobookshelf",
        "flake-parts": "flake-parts",
        "nixpkgs": "nixpkgs"
      }
    }
  },
  "root": "root",
  "version": 7
}
